github.com/davecgh/go-spew v1.1.1 h1:vj9j/u1bqnvCEfJOwUhtlOARqs3+rkHYY13jYWTU97c=
github.com/davecgh/go-spew v1.1.1/go.mod h1:J7Y8YcW2NihsgmVo/mv3lAwl/skON4iLHjSsI+c5H38=
github.com/ikawaha/kagome-dict v1.1.0 h1:ePU16KkyonhYLo4YDf/UExmZJBhY/6C946T1SOg1TI4=
github.com/ikawaha/kagome-dict v1.1.0/go.mod h1:tcbTxQQll5voEBnJqGYt2zJuCouUL6buAOrpSxzo9Fg=
github.com/ikawaha/kagome-dict/ipa v1.2.0 h1:lgehXOf2USDkBwGPEBD9sbbOBk3WlkhZ2zejPSLjIJA=
github.com/ikawaha/kagome-dict/ipa v1.2.0/go.mod h1:LRtB3BXipG3Iu4V+KI/E1E7r9GMa79WgAH6IAW4wy6A=
github.com/ikawaha/kagome/v2 v2.10.0 h1:gObyHxSPVudvHXHQecyVAv3DohIifx9MtA8ErXlx+1g=
github.com/ikawaha/kagome/v2 v2.10.0/go.mod h1:IEyFbC0oCkMMaIvTAU3O4IrM5mK0AyWJwM41Tb4u77U=
github.com/pmezard/go-difflib v1.0.0 h1:4DBwDE0NGyQoBHbLQYPwSUPoCMWR5BEzIk/f1lZbAQM=
github.com/pmezard/go-difflib v1.0.0/go.mod h1:iKH77koFhYxTK1pcRnkKkqfTogsbg7gZNVY4sRDYZ/4=
github.com/stretchr/testify v1.9.0 h1:HtqpIVDClZ4nwg75+f6Lvsy/wHu+3BoSGCbBAcpTsTg=
github.com/stretchr/testify v1.9.0/go.mod h1:r2ic/lqez/lEtzL7wO/rwa5dbSLXVDPFyf8C91i36aY=
golang.org/x/text v0.16.0 h1:a94ExnEXNtEwYLGJSIUxnWoxoRz/ZcCsV63ROupILh4=
golang.org/x/text v0.16.0/go.mod h1:GhwF1Be+LQoKShO3cGOHzqOgRrGaYc9AvblQOmPVHnI=
gopkg.in/check.v1 v0.0.0-20161208181325-20d25e280405 h1:yhCVgyC4o1eVCa2tZl7eS0r+SDo693bJlVdllGtEeKM=
gopkg.in/check.v1 v0.0.0-20161208181325-20d25e280405/go.mod h1:Co6ibVJAznAaIkqp8huTwlJQCZ016jof/cbN4VW5Yz0=
gopkg.in/yaml.v3 v3.0.1 h1:fxVm/GzAzEWqLHuvctI91KS9hhNmmWOoWu0XTYJS7CA=
gopkg.in/yaml.v3 v3.0.1/go.mod h1:K4uyk7z7BCEPqu6E+C64Yfv1cQ7kz7rIZviUmN+EgEM=
